
Microsoft Visual Studio Solution File, Format Version 12.00
# Visual Studio Version 16
VisualStudioVersion = 16.0.29409.12
MinimumVisualStudioVersion = 10.0.40219.1
Project("{9A19103F-16F7-4668-BE54-9A1E7A4F7556}") = "Telefonica.SugeridorDePlanes", "SugeridorDePlanes\Telefonica.SugeridorDePlanes.csproj", "{5FC6B1DE-18EA-4B39-A77E-3954ABC265ED}"
EndProject
Project("{9A19103F-16F7-4668-BE54-9A1E7A4F7556}") = "Telefonica.SugeridorDePlanes.Api", "Telefonica.SugeridorDePlanes.Api\Telefonica.SugeridorDePlanes.Api.csproj", "{6A77BFEB-FC97-4E6F-8FC7-F1A05F051915}"
EndProject
Project("{2150E333-8FDC-42A3-9474-1A3956D46DE8}") = "1.UI", "1.UI", "{BE5AD24B-6737-4A63-B9D9-C383176354D7}"
EndProject
Project("{2150E333-8FDC-42A3-9474-1A3956D46DE8}") = "2.Api", "2.Api", "{8523E84D-C1E5-489A-9971-9BE0DA01F6F6}"
EndProject
Project("{2150E333-8FDC-42A3-9474-1A3956D46DE8}") = "4.Proxies", "4.Proxies", "{A8F07A18-876E-4421-984B-C3FF9268BC20}"
EndProject
Project("{2150E333-8FDC-42A3-9474-1A3956D46DE8}") = "5.Logic", "5.Logic", "{466C564D-D5C9-4ACC-B07C-D02D0BC4915A}"
EndProject
Project("{2150E333-8FDC-42A3-9474-1A3956D46DE8}") = "6.DataAccess", "6.DataAccess", "{A28409C8-37C1-4D1C-AC00-201E6D98E337}"
EndProject
Project("{2150E333-8FDC-42A3-9474-1A3956D46DE8}") = "7.DataBase", "7.DataBase", "{1CE1078B-2809-43E6-91E4-9C28189508D1}"
EndProject
Project("{2150E333-8FDC-42A3-9474-1A3956D46DE8}") = "8.Common", "8.Common", "{D8FC9399-9F1F-4BA2-A7EF-40EC5D0E05D4}"
EndProject
Project("{9A19103F-16F7-4668-BE54-9A1E7A4F7556}") = "Telefonica.SugeridorDePlanes.LogicFactory", "Telefonica.SugeridorDePlanes.LogicFactory\Telefonica.SugeridorDePlanes.LogicFactory.csproj", "{C9360929-B226-44AE-911C-1148B6E59230}"
EndProject
Project("{9A19103F-16F7-4668-BE54-9A1E7A4F7556}") = "Telefonica.SugeridorDePlanes.BusinessEntities", "Telefonica.SugeridorDePlanes.BusinessEntities\Telefonica.SugeridorDePlanes.BusinessEntities.csproj", "{7128FAE4-7D1E-49D5-AB43-F08EB98B2B6F}"
EndProject
Project("{9A19103F-16F7-4668-BE54-9A1E7A4F7556}") = "Telefonica.SugeridorDePlanes.BusinessLogic", "Telefonica.SugeridorDePlanes.BusinessLogic\Telefonica.SugeridorDePlanes.BusinessLogic.csproj", "{D5A1B394-B242-4A33-A100-CC9B8CF5443C}"
EndProject
Project("{9A19103F-16F7-4668-BE54-9A1E7A4F7556}") = "Telefonica.SugeridorDePlanes.DataAccess", "Telefonica.SugeridorDePlanes.DataAccess\Telefonica.SugeridorDePlanes.DataAccess.csproj", "{3083DBE7-B7FC-42AB-92FA-411BC2343324}"
EndProject
Project("{00D1A9C2-B5F0-4AF3-8072-F6C62B433612}") = "Telefonica.SugeridorDePlanes.DataBase", "Telefonica.SugeridorDePlanes.DataBase\Telefonica.SugeridorDePlanes.DataBase.sqlproj", "{5FD554D0-6645-4C3F-BC52-4FB040D6CB41}"
EndProject
Project("{9A19103F-16F7-4668-BE54-9A1E7A4F7556}") = "Telefonica.SugeridorDePlanes.Dto", "Telefonica.SugeridorDePlanes.Dto\Telefonica.SugeridorDePlanes.Dto.csproj", "{81E00FEC-0DB8-44D0-B8B3-AE3D6499B198}"
EndProject
Project("{9A19103F-16F7-4668-BE54-9A1E7A4F7556}") = "Telefonica.SugeridorDePlanes.Interfaces", "Telefonica.SugeridorDePlanes.Interfaces\Telefonica.SugeridorDePlanes.Interfaces.csproj", "{33E883FD-2094-450F-91AE-FC037C587F41}"
EndProject
Project("{2150E333-8FDC-42A3-9474-1A3956D46DE8}") = "3.Services", "3.Services", "{ADCC072B-7539-4E7E-9CAC-06461A10B83F}"
EndProject
Project("{9A19103F-16F7-4668-BE54-9A1E7A4F7556}") = "Telefonica.SugeridorDePlanes.ServiceLogic", "Telefonica.SugeridorDePlanes.ServiceLogic\Telefonica.SugeridorDePlanes.ServiceLogic.csproj", "{ECCED3D0-CF30-4923-8164-79F1A8B793FF}"
EndProject
Project("{FAE04EC0-301F-11D3-BF4B-00C04F79EFBC}") = "Telefonica.SugeridorDePlanes.Resources", "Telefonica.SugeridorDePlanes.Resources\Telefonica.SugeridorDePlanes.Resources.csproj", "{438F0D52-8BEA-4AEC-832A-95A3A2226086}"
EndProject
Global
	GlobalSection(SolutionConfigurationPlatforms) = preSolution
		Debug|Any CPU = Debug|Any CPU
		Release|Any CPU = Release|Any CPU
	EndGlobalSection
	GlobalSection(ProjectConfigurationPlatforms) = postSolution
		{5FC6B1DE-18EA-4B39-A77E-3954ABC265ED}.Debug|Any CPU.ActiveCfg = Debug|Any CPU
		{5FC6B1DE-18EA-4B39-A77E-3954ABC265ED}.Debug|Any CPU.Build.0 = Debug|Any CPU
		{5FC6B1DE-18EA-4B39-A77E-3954ABC265ED}.Release|Any CPU.ActiveCfg = Release|Any CPU
		{5FC6B1DE-18EA-4B39-A77E-3954ABC265ED}.Release|Any CPU.Build.0 = Release|Any CPU
		{6A77BFEB-FC97-4E6F-8FC7-F1A05F051915}.Debug|Any CPU.ActiveCfg = Debug|Any CPU
		{6A77BFEB-FC97-4E6F-8FC7-F1A05F051915}.Debug|Any CPU.Build.0 = Debug|Any CPU
		{6A77BFEB-FC97-4E6F-8FC7-F1A05F051915}.Release|Any CPU.ActiveCfg = Release|Any CPU
		{6A77BFEB-FC97-4E6F-8FC7-F1A05F051915}.Release|Any CPU.Build.0 = Release|Any CPU
		{C9360929-B226-44AE-911C-1148B6E59230}.Debug|Any CPU.ActiveCfg = Debug|Any CPU
		{C9360929-B226-44AE-911C-1148B6E59230}.Debug|Any CPU.Build.0 = Debug|Any CPU
		{C9360929-B226-44AE-911C-1148B6E59230}.Release|Any CPU.ActiveCfg = Release|Any CPU
		{C9360929-B226-44AE-911C-1148B6E59230}.Release|Any CPU.Build.0 = Release|Any CPU
		{7128FAE4-7D1E-49D5-AB43-F08EB98B2B6F}.Debug|Any CPU.ActiveCfg = Debug|Any CPU
		{7128FAE4-7D1E-49D5-AB43-F08EB98B2B6F}.Debug|Any CPU.Build.0 = Debug|Any CPU
		{7128FAE4-7D1E-49D5-AB43-F08EB98B2B6F}.Release|Any CPU.ActiveCfg = Release|Any CPU
		{7128FAE4-7D1E-49D5-AB43-F08EB98B2B6F}.Release|Any CPU.Build.0 = Release|Any CPU
		{D5A1B394-B242-4A33-A100-CC9B8CF5443C}.Debug|Any CPU.ActiveCfg = Debug|Any CPU
		{D5A1B394-B242-4A33-A100-CC9B8CF5443C}.Debug|Any CPU.Build.0 = Debug|Any CPU
		{D5A1B394-B242-4A33-A100-CC9B8CF5443C}.Release|Any CPU.ActiveCfg = Release|Any CPU
		{D5A1B394-B242-4A33-A100-CC9B8CF5443C}.Release|Any CPU.Build.0 = Release|Any CPU
		{3083DBE7-B7FC-42AB-92FA-411BC2343324}.Debug|Any CPU.ActiveCfg = Debug|Any CPU
		{3083DBE7-B7FC-42AB-92FA-411BC2343324}.Debug|Any CPU.Build.0 = Debug|Any CPU
		{3083DBE7-B7FC-42AB-92FA-411BC2343324}.Release|Any CPU.ActiveCfg = Release|Any CPU
		{3083DBE7-B7FC-42AB-92FA-411BC2343324}.Release|Any CPU.Build.0 = Release|Any CPU
		{5FD554D0-6645-4C3F-BC52-4FB040D6CB41}.Debug|Any CPU.ActiveCfg = Debug|Any CPU
		{5FD554D0-6645-4C3F-BC52-4FB040D6CB41}.Debug|Any CPU.Build.0 = Debug|Any CPU
		{5FD554D0-6645-4C3F-BC52-4FB040D6CB41}.Debug|Any CPU.Deploy.0 = Debug|Any CPU
		{5FD554D0-6645-4C3F-BC52-4FB040D6CB41}.Release|Any CPU.ActiveCfg = Release|Any CPU
		{5FD554D0-6645-4C3F-BC52-4FB040D6CB41}.Release|Any CPU.Build.0 = Release|Any CPU
		{5FD554D0-6645-4C3F-BC52-4FB040D6CB41}.Release|Any CPU.Deploy.0 = Release|Any CPU
		{81E00FEC-0DB8-44D0-B8B3-AE3D6499B198}.Debug|Any CPU.ActiveCfg = Debug|Any CPU
		{81E00FEC-0DB8-44D0-B8B3-AE3D6499B198}.Debug|Any CPU.Build.0 = Debug|Any CPU
		{81E00FEC-0DB8-44D0-B8B3-AE3D6499B198}.Release|Any CPU.ActiveCfg = Release|Any CPU
		{81E00FEC-0DB8-44D0-B8B3-AE3D6499B198}.Release|Any CPU.Build.0 = Release|Any CPU
		{33E883FD-2094-450F-91AE-FC037C587F41}.Debug|Any CPU.ActiveCfg = Debug|Any CPU
		{33E883FD-2094-450F-91AE-FC037C587F41}.Debug|Any CPU.Build.0 = Debug|Any CPU
		{33E883FD-2094-450F-91AE-FC037C587F41}.Release|Any CPU.ActiveCfg = Release|Any CPU
		{33E883FD-2094-450F-91AE-FC037C587F41}.Release|Any CPU.Build.0 = Release|Any CPU
		{ECCED3D0-CF30-4923-8164-79F1A8B793FF}.Debug|Any CPU.ActiveCfg = Debug|Any CPU
		{ECCED3D0-CF30-4923-8164-79F1A8B793FF}.Debug|Any CPU.Build.0 = Debug|Any CPU
		{ECCED3D0-CF30-4923-8164-79F1A8B793FF}.Release|Any CPU.ActiveCfg = Release|Any CPU
		{ECCED3D0-CF30-4923-8164-79F1A8B793FF}.Release|Any CPU.Build.0 = Release|Any CPU
		{438F0D52-8BEA-4AEC-832A-95A3A2226086}.Debug|Any CPU.ActiveCfg = Debug|Any CPU
		{438F0D52-8BEA-4AEC-832A-95A3A2226086}.Debug|Any CPU.Build.0 = Debug|Any CPU
		{438F0D52-8BEA-4AEC-832A-95A3A2226086}.Release|Any CPU.ActiveCfg = Release|Any CPU
		{438F0D52-8BEA-4AEC-832A-95A3A2226086}.Release|Any CPU.Build.0 = Release|Any CPU
	EndGlobalSection
	GlobalSection(SolutionProperties) = preSolution
		HideSolutionNode = FALSE
	EndGlobalSection
	GlobalSection(NestedProjects) = preSolution
		{5FC6B1DE-18EA-4B39-A77E-3954ABC265ED} = {BE5AD24B-6737-4A63-B9D9-C383176354D7}
		{6A77BFEB-FC97-4E6F-8FC7-F1A05F051915} = {8523E84D-C1E5-489A-9971-9BE0DA01F6F6}
		{C9360929-B226-44AE-911C-1148B6E59230} = {A8F07A18-876E-4421-984B-C3FF9268BC20}
		{7128FAE4-7D1E-49D5-AB43-F08EB98B2B6F} = {466C564D-D5C9-4ACC-B07C-D02D0BC4915A}
		{D5A1B394-B242-4A33-A100-CC9B8CF5443C} = {466C564D-D5C9-4ACC-B07C-D02D0BC4915A}
		{3083DBE7-B7FC-42AB-92FA-411BC2343324} = {A28409C8-37C1-4D1C-AC00-201E6D98E337}
		{5FD554D0-6645-4C3F-BC52-4FB040D6CB41} = {1CE1078B-2809-43E6-91E4-9C28189508D1}
		{81E00FEC-0DB8-44D0-B8B3-AE3D6499B198} = {D8FC9399-9F1F-4BA2-A7EF-40EC5D0E05D4}
		{33E883FD-2094-450F-91AE-FC037C587F41} = {D8FC9399-9F1F-4BA2-A7EF-40EC5D0E05D4}
		{ECCED3D0-CF30-4923-8164-79F1A8B793FF} = {ADCC072B-7539-4E7E-9CAC-06461A10B83F}
		{438F0D52-8BEA-4AEC-832A-95A3A2226086} = {D8FC9399-9F1F-4BA2-A7EF-40EC5D0E05D4}
	EndGlobalSection
	GlobalSection(ExtensibilityGlobals) = postSolution
		SolutionGuid = {5AD00982-D14D-4838-B942-82169BF72E2F}
	EndGlobalSection
EndGlobal
